
Microsoft Visual Studio Solution File, Format Version 12.00
# Visual Studio Version 16
VisualStudioVersion = 16.0.34301.259
MinimumVisualStudioVersion = 10.0.40219.1
Project("{FAE04EC0-301F-11D3-BF4B-00C04F79EFBC}") = "BUS", "BUS\BUS.csproj", "{F43B3DA1-8D52-4C51-B0C2-113A5D82AD04}"
EndProject
Project("{FAE04EC0-301F-11D3-BF4B-00C04F79EFBC}") = "DAL", "DAL\DAL.csproj", "{130D66EF-09DF-4141-B55A-12E070DBA27C}"
EndProject
Project("{FAE04EC0-301F-11D3-BF4B-00C04F79EFBC}") = "GUI", "GUI\GUI.csproj", "{6EC73A10-D016-41EC-984F-3923E4CF0826}"
EndProject
Global
	GlobalSection(SolutionConfigurationPlatforms) = preSolution
		Debug|Any CPU = Debug|Any CPU
		Release|Any CPU = Release|Any CPU
	EndGlobalSection
	GlobalSection(ProjectConfigurationPlatforms) = postSolution
		{F43B3DA1-8D52-4C51-B0C2-113A5D82AD04}.Debug|Any CPU.ActiveCfg = Debug|Any CPU
		{F43B3DA1-8D52-4C51-B0C2-113A5D82AD04}.Debug|Any CPU.Build.0 = Debug|Any CPU
		{F43B3DA1-8D52-4C51-B0C2-113A5D82AD04}.Release|Any CPU.ActiveCfg = Release|Any CPU
		{F43B3DA1-8D52-4C51-B0C2-113A5D82AD04}.Release|Any CPU.Build.0 = Release|Any CPU
		{130D66EF-09DF-4141-B55A-12E070DBA27C}.Debug|Any CPU.ActiveCfg = Debug|Any CPU
		{130D66EF-09DF-4141-B55A-12E070DBA27C}.Debug|Any CPU.Build.0 = Debug|Any CPU
		{130D66EF-09DF-4141-B55A-12E070DBA27C}.Release|Any CPU.ActiveCfg = Release|Any CPU
		{130D66EF-09DF-4141-B55A-12E070DBA27C}.Release|Any CPU.Build.0 = Release|Any CPU
		{6EC73A10-D016-41EC-984F-3923E4CF0826}.Debug|Any CPU.ActiveCfg = Debug|Any CPU
		{6EC73A10-D016-41EC-984F-3923E4CF0826}.Debug|Any CPU.Build.0 = Debug|Any CPU
		{6EC73A10-D016-41EC-984F-3923E4CF0826}.Release|Any CPU.ActiveCfg = Release|Any CPU
		{6EC73A10-D016-41EC-984F-3923E4CF0826}.Release|Any CPU.Build.0 = Release|Any CPU
	EndGlobalSection
	GlobalSection(SolutionProperties) = preSolution
		HideSolutionNode = FALSE
	EndGlobalSection
	GlobalSection(ExtensibilityGlobals) = postSolution
		SolutionGuid = {86785CBF-F441-4110-9FB8-7F20330765A3}
	EndGlobalSection
EndGlobal
